// !$*UTF8*$!
{
	archiveVersion = 1;
	classes = {
	};
	objectVersion = 56;
	objects = {

/* Begin PBXBuildFile section */
		7221AB8C2A9CBCAC0073FD04 /* LoginView.swift in Sources */ = {isa = PBXBuildFile; fileRef = 7221AB8B2A9CBCAC0073FD04 /* LoginView.swift */; };
		7221AB8E2A9CBCF70073FD04 /* StartView.swift in Sources */ = {isa = PBXBuildFile; fileRef = 7221AB8D2A9CBCF70073FD04 /* StartView.swift */; };
		7221AB902A9CBD020073FD04 /* HomeView.swift in Sources */ = {isa = PBXBuildFile; fileRef = 7221AB8F2A9CBD020073FD04 /* HomeView.swift */; };
		7221AB922A9CBD230073FD04 /* GameView.swift in Sources */ = {isa = PBXBuildFile; fileRef = 7221AB912A9CBD230073FD04 /* GameView.swift */; };
		7221AB942A9CBD330073FD04 /* SettingsView.swift in Sources */ = {isa = PBXBuildFile; fileRef = 7221AB932A9CBD330073FD04 /* SettingsView.swift */; };
		7221AB962A9CBD620073FD04 /* EditProfileView.swift in Sources */ = {isa = PBXBuildFile; fileRef = 7221AB952A9CBD620073FD04 /* EditProfileView.swift */; };
		7221AB982A9CBDA70073FD04 /* PlayerView.swift in Sources */ = {isa = PBXBuildFile; fileRef = 7221AB972A9CBDA70073FD04 /* PlayerView.swift */; };
		7221AB9A2A9CBDB40073FD04 /* RuleView.swift in Sources */ = {isa = PBXBuildFile; fileRef = 7221AB992A9CBDB40073FD04 /* RuleView.swift */; };
		7229CFCB2A73F15C00BB21B5 /* WattblockApp.swift in Sources */ = {isa = PBXBuildFile; fileRef = 7229CFCA2A73F15C00BB21B5 /* WattblockApp.swift */; };
		7229CFCD2A73F15C00BB21B5 /* ContentView.swift in Sources */ = {isa = PBXBuildFile; fileRef = 7229CFCC2A73F15C00BB21B5 /* ContentView.swift */; };
		7229CFCF2A73F15D00BB21B5 /* Assets.xcassets in Resources */ = {isa = PBXBuildFile; fileRef = 7229CFCE2A73F15D00BB21B5 /* Assets.xcassets */; };
		7229CFD22A73F15D00BB21B5 /* Preview Assets.xcassets in Resources */ = {isa = PBXBuildFile; fileRef = 7229CFD12A73F15D00BB21B5 /* Preview Assets.xcassets */; };
		7229CFD92A73F35B00BB21B5 /* Launch Screen.storyboard in Resources */ = {isa = PBXBuildFile; fileRef = 7229CFD82A73F35B00BB21B5 /* Launch Screen.storyboard */; };
		72BC17F72A8E039C00459619 /* FirebaseManager.swift in Sources */ = {isa = PBXBuildFile; fileRef = 72BC17F62A8E039C00459619 /* FirebaseManager.swift */; };
/* End PBXBuildFile section */

/* Begin PBXFileReference section */
		7221AB8B2A9CBCAC0073FD04 /* LoginView.swift */ = {isa = PBXFileReference; lastKnownFileType = sourcecode.swift; path = LoginView.swift; sourceTree = "<group>"; };
		7221AB8D2A9CBCF70073FD04 /* StartView.swift */ = {isa = PBXFileReference; lastKnownFileType = sourcecode.swift; path = StartView.swift; sourceTree = "<group>"; };
		7221AB8F2A9CBD020073FD04 /* HomeView.swift */ = {isa = PBXFileReference; lastKnownFileType = sourcecode.swift; path = HomeView.swift; sourceTree = "<group>"; };
		7221AB912A9CBD230073FD04 /* GameView.swift */ = {isa = PBXFileReference; lastKnownFileType = sourcecode.swift; path = GameView.swift; sourceTree = "<group>"; };
		7221AB932A9CBD330073FD04 /* SettingsView.swift */ = {isa = PBXFileReference; lastKnownFileType = sourcecode.swift; path = SettingsView.swift; sourceTree = "<group>"; };
		7221AB952A9CBD620073FD04 /* EditProfileView.swift */ = {isa = PBXFileReference; lastKnownFileType = sourcecode.swift; path = EditProfileView.swift; sourceTree = "<group>"; };
		7221AB972A9CBDA70073FD04 /* PlayerView.swift */ = {isa = PBXFileReference; lastKnownFileType = sourcecode.swift; path = PlayerView.swift; sourceTree = "<group>"; };
		7221AB992A9CBDB40073FD04 /* RuleView.swift */ = {isa = PBXFileReference; lastKnownFileType = sourcecode.swift; path = RuleView.swift; sourceTree = "<group>"; };
		7229CFC72A73F15C00BB21B5 /* Wattblock.app */ = {isa = PBXFileReference; explicitFileType = wrapper.application; includeInIndex = 0; path = Wattblock.app; sourceTree = BUILT_PRODUCTS_DIR; };
		7229CFCA2A73F15C00BB21B5 /* WattblockApp.swift */ = {isa = PBXFileReference; lastKnownFileType = sourcecode.swift; path = WattblockApp.swift; sourceTree = "<group>"; };
		7229CFCC2A73F15C00BB21B5 /* ContentView.swift */ = {isa = PBXFileReference; lastKnownFileType = sourcecode.swift; path = ContentView.swift; sourceTree = "<group>"; };
		7229CFCE2A73F15D00BB21B5 /* Assets.xcassets */ = {isa = PBXFileReference; lastKnownFileType = folder.assetcatalog; path = Assets.xcassets; sourceTree = "<group>"; };
		7229CFD12A73F15D00BB21B5 /* Preview Assets.xcassets */ = {isa = PBXFileReference; lastKnownFileType = folder.assetcatalog; path = "Preview Assets.xcassets"; sourceTree = "<group>"; };
		7229CFD82A73F35B00BB21B5 /* Launch Screen.storyboard */ = {isa = PBXFileReference; lastKnownFileType = file.storyboard; path = "Launch Screen.storyboard"; sourceTree = "<group>"; };
		72BC17F62A8E039C00459619 /* FirebaseManager.swift */ = {isa = PBXFileReference; lastKnownFileType = sourcecode.swift; path = FirebaseManager.swift; sourceTree = "<group>"; };
/* End PBXFileReference section */

/* Begin PBXFrameworksBuildPhase section */
		7229CFC42A73F15C00BB21B5 /* Frameworks */ = {
			isa = PBXFrameworksBuildPhase;
			buildActionMask = 2147483647;
			files = (
			);
			runOnlyForDeploymentPostprocessing = 0;
		};
/* End PBXFrameworksBuildPhase section */

/* Begin PBXGroup section */
		7229CFBE2A73F15C00BB21B5 = {
			isa = PBXGroup;
			children = (
				7229CFC92A73F15C00BB21B5 /* Stammtisch */,
				7229CFC82A73F15C00BB21B5 /* Products */,
			);
			sourceTree = "<group>";
		};
		7229CFC82A73F15C00BB21B5 /* Products */ = {
			isa = PBXGroup;
			children = (
				7229CFC72A73F15C00BB21B5 /* Wattblock.app */,
			);
			name = Products;
			sourceTree = "<group>";
		};
		7229CFC92A73F15C00BB21B5 /* Stammtisch */ = {
			isa = PBXGroup;
			children = (
				7229CFCA2A73F15C00BB21B5 /* WattblockApp.swift */,
				7229CFCC2A73F15C00BB21B5 /* ContentView.swift */,
				72BC17F42A8E036D00459619 /* Models */,
				72BC17F32A8E036300459619 /* Repositories */,
				72BC17F22A8E035700459619 /* ViewModels */,
				72BC17F12A8E034B00459619 /* Views */,
				72BC17F02A8E033800459619 /* Managers */,
				7229CFCE2A73F15D00BB21B5 /* Assets.xcassets */,
				7229CFD82A73F35B00BB21B5 /* Launch Screen.storyboard */,
				7229CFD02A73F15D00BB21B5 /* Preview Content */,
			);
			name = Stammtisch;
			path = Wattblock;
			sourceTree = "<group>";
		};
		7229CFD02A73F15D00BB21B5 /* Preview Content */ = {
			isa = PBXGroup;
			children = (
				7229CFD12A73F15D00BB21B5 /* Preview Assets.xcassets */,
			);
			path = "Preview Content";
			sourceTree = "<group>";
		};
		72BC17EF2A8E032F00459619 /* Components */ = {
			isa = PBXGroup;
			children = (
			);
			path = Components;
			sourceTree = "<group>";
		};
		72BC17F02A8E033800459619 /* Managers */ = {
			isa = PBXGroup;
			children = (
				72BC17F62A8E039C00459619 /* FirebaseManager.swift */,
			);
			path = Managers;
			sourceTree = "<group>";
		};
		72BC17F12A8E034B00459619 /* Views */ = {
			isa = PBXGroup;
			children = (
				72BC17EF2A8E032F00459619 /* Components */,
				7221AB8B2A9CBCAC0073FD04 /* LoginView.swift */,
				7221AB8D2A9CBCF70073FD04 /* StartView.swift */,
				7221AB8F2A9CBD020073FD04 /* HomeView.swift */,
				7221AB912A9CBD230073FD04 /* GameView.swift */,
				7221AB932A9CBD330073FD04 /* SettingsView.swift */,
				7221AB952A9CBD620073FD04 /* EditProfileView.swift */,
				7221AB972A9CBDA70073FD04 /* PlayerView.swift */,
				7221AB992A9CBDB40073FD04 /* RuleView.swift */,
			);
			path = Views;
			sourceTree = "<group>";
		};
		72BC17F22A8E035700459619 /* ViewModels */ = {
			isa = PBXGroup;
			children = (
			);
			path = ViewModels;
			sourceTree = "<group>";
		};
		72BC17F32A8E036300459619 /* Repositories */ = {
			isa = PBXGroup;
			children = (
			);
			path = Repositories;
			sourceTree = "<group>";
		};
		72BC17F42A8E036D00459619 /* Models */ = {
			isa = PBXGroup;
			children = (
				72BC17F52A8E037300459619 /* Enums */,
			);
			path = Models;
			sourceTree = "<group>";
		};
		72BC17F52A8E037300459619 /* Enums */ = {
			isa = PBXGroup;
			children = (
			);
			path = Enums;
			sourceTree = "<group>";
		};
/* End PBXGroup section */

/* Begin PBXNativeTarget section */
		7229CFC62A73F15C00BB21B5 /* Wattblock */ = {
			isa = PBXNativeTarget;
			buildConfigurationList = 7229CFD52A73F15D00BB21B5 /* Build configuration list for PBXNativeTarget "Wattblock" */;
			buildPhases = (
				7229CFC32A73F15C00BB21B5 /* Sources */,
				7229CFC42A73F15C00BB21B5 /* Frameworks */,
				7229CFC52A73F15C00BB21B5 /* Resources */,
			);
			buildRules = (
			);
			dependencies = (
			);
			name = Wattblock;
			productName = Stammtisch;
			productReference = 7229CFC72A73F15C00BB21B5 /* Wattblock.app */;
			productType = "com.apple.product-type.application";
		};
/* End PBXNativeTarget section */

/* Begin PBXProject section */
		7229CFBF2A73F15C00BB21B5 /* Project object */ = {
			isa = PBXProject;
			attributes = {
				BuildIndependentTargetsInParallel = 1;
				LastSwiftUpdateCheck = 1430;
				LastUpgradeCheck = 1430;
				TargetAttributes = {
					7229CFC62A73F15C00BB21B5 = {
						CreatedOnToolsVersion = 14.3.1;
					};
				};
			};
			buildConfigurationList = 7229CFC22A73F15C00BB21B5 /* Build configuration list for PBXProject "Wattblock" */;
			compatibilityVersion = "Xcode 14.0";
			developmentRegion = en;
			hasScannedForEncodings = 0;
			knownRegions = (
				en,
				Base,
			);
			mainGroup = 7229CFBE2A73F15C00BB21B5;
			productRefGroup = 7229CFC82A73F15C00BB21B5 /* Products */;
			projectDirPath = "";
			projectRoot = "";
			targets = (
				7229CFC62A73F15C00BB21B5 /* Wattblock */,
			);
		};
/* End PBXProject section */

/* Begin PBXResourcesBuildPhase section */
		7229CFC52A73F15C00BB21B5 /* Resources */ = {
			isa = PBXResourcesBuildPhase;
			buildActionMask = 2147483647;
			files = (
				7229CFD92A73F35B00BB21B5 /* Launch Screen.storyboard in Resources */,
				7229CFD22A73F15D00BB21B5 /* Preview Assets.xcassets in Resources */,
				7229CFCF2A73F15D00BB21B5 /* Assets.xcassets in Resources */,
			);
			runOnlyForDeploymentPostprocessing = 0;
		};
/* End PBXResourcesBuildPhase section */

/* Begin PBXSourcesBuildPhase section */
		7229CFC32A73F15C00BB21B5 /* Sources */ = {
			isa = PBXSourcesBuildPhase;
			buildActionMask = 2147483647;
			files = (
				7221AB962A9CBD620073FD04 /* EditProfileView.swift in Sources */,
				72BC17F72A8E039C00459619 /* FirebaseManager.swift in Sources */,
				7221AB942A9CBD330073FD04 /* SettingsView.swift in Sources */,
				7221AB982A9CBDA70073FD04 /* PlayerView.swift in Sources */,
				7221AB8E2A9CBCF70073FD04 /* StartView.swift in Sources */,
				7221AB9A2A9CBDB40073FD04 /* RuleView.swift in Sources */,
				7229CFCD2A73F15C00BB21B5 /* ContentView.swift in Sources */,
				7221AB902A9CBD020073FD04 /* HomeView.swift in Sources */,
				7221AB8C2A9CBCAC0073FD04 /* LoginView.swift in Sources */,
				7229CFCB2A73F15C00BB21B5 /* WattblockApp.swift in Sources */,
				7221AB922A9CBD230073FD04 /* GameView.swift in Sources */,
			);
			runOnlyForDeploymentPostprocessing = 0;
		};
/* End PBXSourcesBuildPhase section */

/* Begin XCBuildConfiguration section */
		7229CFD32A73F15D00BB21B5 /* Debug */ = {
			isa = XCBuildConfiguration;
			buildSettings = {
				ALWAYS_SEARCH_USER_PATHS = NO;
				CLANG_ANALYZER_NONNULL = YES;
				CLANG_ANALYZER_NUMBER_OBJECT_CONVERSION = YES_AGGRESSIVE;
				CLANG_CXX_LANGUAGE_STANDARD = "gnu++20";
				CLANG_ENABLE_MODULES = YES;
				CLANG_ENABLE_OBJC_ARC = YES;
				CLANG_ENABLE_OBJC_WEAK = YES;
				CLANG_WARN_BLOCK_CAPTURE_AUTORELEASING = YES;
				CLANG_WARN_BOOL_CONVERSION = YES;
				CLANG_WARN_COMMA = YES;
				CLANG_WARN_CONSTANT_CONVERSION = YES;
				CLANG_WARN_DEPRECATED_OBJC_IMPLEMENTATIONS = YES;
				CLANG_WARN_DIRECT_OBJC_ISA_USAGE = YES_ERROR;
				CLANG_WARN_DOCUMENTATION_COMMENTS = YES;
				CLANG_WARN_EMPTY_BODY = YES;
				CLANG_WARN_ENUM_CONVERSION = YES;
				CLANG_WARN_INFINITE_RECURSION = YES;
				CLANG_WARN_INT_CONVERSION = YES;
				CLANG_WARN_NON_LITERAL_NULL_CONVERSION = YES;
				CLANG_WARN_OBJC_IMPLICIT_RETAIN_SELF = YES;
				CLANG_WARN_OBJC_LITERAL_CONVERSION = YES;
				CLANG_WARN_OBJC_ROOT_CLASS = YES_ERROR;
				CLANG_WARN_QUOTED_INCLUDE_IN_FRAMEWORK_HEADER = YES;
				CLANG_WARN_RANGE_LOOP_ANALYSIS = YES;
				CLANG_WARN_STRICT_PROTOTYPES = YES;
				CLANG_WARN_SUSPICIOUS_MOVE = YES;
				CLANG_WARN_UNGUARDED_AVAILABILITY = YES_AGGRESSIVE;
				CLANG_WARN_UNREACHABLE_CODE = YES;
				CLANG_WARN__DUPLICATE_METHOD_MATCH = YES;
				COPY_PHASE_STRIP = NO;
				DEBUG_INFORMATION_FORMAT = dwarf;
				ENABLE_STRICT_OBJC_MSGSEND = YES;
				ENABLE_TESTABILITY = YES;
				GCC_C_LANGUAGE_STANDARD = gnu11;
				GCC_DYNAMIC_NO_PIC = NO;
				GCC_NO_COMMON_BLOCKS = YES;
				GCC_OPTIMIZATION_LEVEL = 0;
				GCC_PREPROCESSOR_DEFINITIONS = (
					"DEBUG=1",
					"$(inherited)",
				);
				GCC_WARN_64_TO_32_BIT_CONVERSION = YES;
				GCC_WARN_ABOUT_RETURN_TYPE = YES_ERROR;
				GCC_WARN_UNDECLARED_SELECTOR = YES;
				GCC_WARN_UNINITIALIZED_AUTOS = YES_AGGRESSIVE;
				GCC_WARN_UNUSED_FUNCTION = YES;
				GCC_WARN_UNUSED_VARIABLE = YES;
				IPHONEOS_DEPLOYMENT_TARGET = 16.0;
				MTL_ENABLE_DEBUG_INFO = INCLUDE_SOURCE;
				MTL_FAST_MATH = YES;
				ONLY_ACTIVE_ARCH = YES;
				SDKROOT = iphoneos;
				SWIFT_ACTIVE_COMPILATION_CONDITIONS = DEBUG;
				SWIFT_OPTIMIZATION_LEVEL = "-Onone";
			};
			name = Debug;
		};
		7229CFD42A73F15D00BB21B5 /* Release */ = {
			isa = XCBuildConfiguration;
			buildSettings = {
				ALWAYS_SEARCH_USER_PATHS = NO;
				CLANG_ANALYZER_NONNULL = YES;
				CLANG_ANALYZER_NUMBER_OBJECT_CONVERSION = YES_AGGRESSIVE;
				CLANG_CXX_LANGUAGE_STANDARD = "gnu++20";
				CLANG_ENABLE_MODULES = YES;
				CLANG_ENABLE_OBJC_ARC = YES;
				CLANG_ENABLE_OBJC_WEAK = YES;
				CLANG_WARN_BLOCK_CAPTURE_AUTORELEASING = YES;
				CLANG_WARN_BOOL_CONVERSION = YES;
				CLANG_WARN_COMMA = YES;
				CLANG_WARN_CONSTANT_CONVERSION = YES;
				CLANG_WARN_DEPRECATED_OBJC_IMPLEMENTATIONS = YES;
				CLANG_WARN_DIRECT_OBJC_ISA_USAGE = YES_ERROR;
				CLANG_WARN_DOCUMENTATION_COMMENTS = YES;
				CLANG_WARN_EMPTY_BODY = YES;
				CLANG_WARN_ENUM_CONVERSION = YES;
				CLANG_WARN_INFINITE_RECURSION = YES;
				CLANG_WARN_INT_CONVERSION = YES;
				CLANG_WARN_NON_LITERAL_NULL_CONVERSION = YES;
				CLANG_WARN_OBJC_IMPLICIT_RETAIN_SELF = YES;
				CLANG_WARN_OBJC_LITERAL_CONVERSION = YES;
				CLANG_WARN_OBJC_ROOT_CLASS = YES_ERROR;
				CLANG_WARN_QUOTED_INCLUDE_IN_FRAMEWORK_HEADER = YES;
				CLANG_WARN_RANGE_LOOP_ANALYSIS = YES;
				CLANG_WARN_STRICT_PROTOTYPES = YES;
				CLANG_WARN_SUSPICIOUS_MOVE = YES;
				CLANG_WARN_UNGUARDED_AVAILABILITY = YES_AGGRESSIVE;
				CLANG_WARN_UNREACHABLE_CODE = YES;
				CLANG_WARN__DUPLICATE_METHOD_MATCH = YES;
				COPY_PHASE_STRIP = NO;
				DEBUG_INFORMATION_FORMAT = "dwarf-with-dsym";
				ENABLE_NS_ASSERTIONS = NO;
				ENABLE_STRICT_OBJC_MSGSEND = YES;
				GCC_C_LANGUAGE_STANDARD = gnu11;
				GCC_NO_COMMON_BLOCKS = YES;
				GCC_WARN_64_TO_32_BIT_CONVERSION = YES;
				GCC_WARN_ABOUT_RETURN_TYPE = YES_ERROR;
				GCC_WARN_UNDECLARED_SELECTOR = YES;
				GCC_WARN_UNINITIALIZED_AUTOS = YES_AGGRESSIVE;
				GCC_WARN_UNUSED_FUNCTION = YES;
				GCC_WARN_UNUSED_VARIABLE = YES;
				IPHONEOS_DEPLOYMENT_TARGET = 16.0;
				MTL_ENABLE_DEBUG_INFO = NO;
				MTL_FAST_MATH = YES;
				SDKROOT = iphoneos;
				SWIFT_COMPILATION_MODE = wholemodule;
				SWIFT_OPTIMIZATION_LEVEL = "-O";
				VALIDATE_PRODUCT = YES;
			};
			name = Release;
		};
		7229CFD62A73F15D00BB21B5 /* Debug */ = {
			isa = XCBuildConfiguration;
			buildSettings = {
				ASSETCATALOG_COMPILER_APPICON_NAME = AppIcon;
				ASSETCATALOG_COMPILER_GLOBAL_ACCENT_COLOR_NAME = AccentColor;
				CODE_SIGN_STYLE = Automatic;
				CURRENT_PROJECT_VERSION = 1;
				DEVELOPMENT_ASSET_PATHS = "\"Stammtisch/Preview Content\"";
				DEVELOPMENT_TEAM = 2BVXDVW7D8;
				ENABLE_PREVIEWS = YES;
				GENERATE_INFOPLIST_FILE = YES;
				INFOPLIST_KEY_LSApplicationCategoryType = "public.app-category.games";
				INFOPLIST_KEY_UIApplicationSceneManifest_Generation = YES;
				INFOPLIST_KEY_UIApplicationSupportsIndirectInputEvents = YES;
				INFOPLIST_KEY_UILaunchScreen_Generation = YES;
				INFOPLIST_KEY_UILaunchStoryboardName = "Launch Screen.storyboard";
				INFOPLIST_KEY_UISupportedInterfaceOrientations = UIInterfaceOrientationPortrait;
				INFOPLIST_KEY_UISupportedInterfaceOrientations_iPad = "UIInterfaceOrientationLandscapeLeft UIInterfaceOrientationLandscapeRight UIInterfaceOrientationPortrait UIInterfaceOrientationPortraitUpsideDown";
				IPHONEOS_DEPLOYMENT_TARGET = 16.0;
				LD_RUNPATH_SEARCH_PATHS = (
					"$(inherited)",
					"@executable_path/Frameworks",
				);
				MARKETING_VERSION = 1.0;
				PRODUCT_BUNDLE_IDENTIFIER = com.pascalmoench.Wattblock;
				PRODUCT_NAME = "$(TARGET_NAME)";
				SUPPORTED_PLATFORMS = "iphoneos iphonesimulator";
				SUPPORTS_MACCATALYST = NO;
				SUPPORTS_MAC_DESIGNED_FOR_IPHONE_IPAD = NO;
				SWIFT_EMIT_LOC_STRINGS = YES;
				SWIFT_VERSION = 5.0;
				TARGETED_DEVICE_FAMILY = "1,2";
			};
			name = Debug;
		};
		7229CFD72A73F15D00BB21B5 /* Release */ = {
			isa = XCBuildConfiguration;
			buildSettings = {
				ASSETCATALOG_COMPILER_APPICON_NAME = AppIcon;
				ASSETCATALOG_COMPILER_GLOBAL_ACCENT_COLOR_NAME = AccentColor;
				CODE_SIGN_STYLE = Automatic;
				CURRENT_PROJECT_VERSION = 1;
				DEVELOPMENT_ASSET_PATHS = "\"Stammtisch/Preview Content\"";
				DEVELOPMENT_TEAM = 2BVXDVW7D8;
				ENABLE_PREVIEWS = YES;
				GENERATE_INFOPLIST_FILE = YES;
				INFOPLIST_KEY_LSApplicationCategoryType = "public.app-category.games";
				INFOPLIST_KEY_UIApplicationSceneManifest_Generation = YES;
				INFOPLIST_KEY_UIApplicationSupportsIndirectInputEvents = YES;
				INFOPLIST_KEY_UILaunchScreen_Generation = YES;
				INFOPLIST_KEY_UILaunchStoryboardName = "Launch Screen.storyboard";
				INFOPLIST_KEY_UISupportedInterfaceOrientations = UIInterfaceOrientationPortrait;
				INFOPLIST_KEY_UISupportedInterfaceOrientations_iPad = "UIInterfaceOrientationLandscapeLeft UIInterfaceOrientationLandscapeRight UIInterfaceOrientationPortrait UIInterfaceOrientationPortraitUpsideDown";
				IPHONEOS_DEPLOYMENT_TARGET = 16.0;
				LD_RUNPATH_SEARCH_PATHS = (
					"$(inherited)",
					"@executable_path/Frameworks",
				);
				MARKETING_VERSION = 1.0;
				PRODUCT_BUNDLE_IDENTIFIER = com.pascalmoench.Wattblock;
				PRODUCT_NAME = "$(TARGET_NAME)";
				SUPPORTED_PLATFORMS = "iphoneos iphonesimulator";
				SUPPORTS_MACCATALYST = NO;
				SUPPORTS_MAC_DESIGNED_FOR_IPHONE_IPAD = NO;
				SWIFT_EMIT_LOC_STRINGS = YES;
				SWIFT_VERSION = 5.0;
				TARGETED_DEVICE_FAMILY = "1,2";
			};
			name = Release;
		};
/* End XCBuildConfiguration section */

/* Begin XCConfigurationList section */
		7229CFC22A73F15C00BB21B5 /* Build configuration list for PBXProject "Wattblock" */ = {
			isa = XCConfigurationList;
			buildConfigurations = (
				7229CFD32A73F15D00BB21B5 /* Debug */,
				7229CFD42A73F15D00BB21B5 /* Release */,
			);
			defaultConfigurationIsVisible = 0;
			defaultConfigurationName = Release;
		};
		7229CFD52A73F15D00BB21B5 /* Build configuration list for PBXNativeTarget "Wattblock" */ = {
			isa = XCConfigurationList;
			buildConfigurations = (
				7229CFD62A73F15D00BB21B5 /* Debug */,
				7229CFD72A73F15D00BB21B5 /* Release */,
			);
			defaultConfigurationIsVisible = 0;
			defaultConfigurationName = Release;
		};
/* End XCConfigurationList section */
	};
	rootObject = 7229CFBF2A73F15C00BB21B5 /* Project object */;
}
