// !$*UTF8*$!
{
	archiveVersion = 1;
	classes = {
	};
	objectVersion = 56;
	objects = {

/* Begin PBXBuildFile section */
		7215BE302A9DCB7600534505 /* WattblockApp.swift in Sources */ = {isa = PBXBuildFile; fileRef = 7215BE2F2A9DCB7600534505 /* WattblockApp.swift */; };
		7215BE322A9DCB7600534505 /* ContentView.swift in Sources */ = {isa = PBXBuildFile; fileRef = 7215BE312A9DCB7600534505 /* ContentView.swift */; };
		7215BE342A9DCB7700534505 /* Assets.xcassets in Resources */ = {isa = PBXBuildFile; fileRef = 7215BE332A9DCB7700534505 /* Assets.xcassets */; };
		7215BE372A9DCB7700534505 /* Preview Assets.xcassets in Resources */ = {isa = PBXBuildFile; fileRef = 7215BE362A9DCB7700534505 /* Preview Assets.xcassets */; };
		7215BE3E2A9DCB9B00534505 /* Launch Screen.storyboard in Resources */ = {isa = PBXBuildFile; fileRef = 7215BE3D2A9DCB9B00534505 /* Launch Screen.storyboard */; };
		7215BE472A9DE5AB00534505 /* FirebaseManager.swift in Sources */ = {isa = PBXBuildFile; fileRef = 7215BE462A9DE5AB00534505 /* FirebaseManager.swift */; };
		7215BE492A9DE5CA00534505 /* LoginView.swift in Sources */ = {isa = PBXBuildFile; fileRef = 7215BE482A9DE5CA00534505 /* LoginView.swift */; };
		7215BE4B2A9DE5D700534505 /* StartView.swift in Sources */ = {isa = PBXBuildFile; fileRef = 7215BE4A2A9DE5D700534505 /* StartView.swift */; };
		7215BE4D2A9DE5E700534505 /* HomeView.swift in Sources */ = {isa = PBXBuildFile; fileRef = 7215BE4C2A9DE5E700534505 /* HomeView.swift */; };
		7215BE4F2A9DE5F400534505 /* GameView.swift in Sources */ = {isa = PBXBuildFile; fileRef = 7215BE4E2A9DE5F400534505 /* GameView.swift */; };
		7215BE512A9DE5FF00534505 /* SettingsView.swift in Sources */ = {isa = PBXBuildFile; fileRef = 7215BE502A9DE5FF00534505 /* SettingsView.swift */; };
		7215BE532A9DE60E00534505 /* EditProfileView.swift in Sources */ = {isa = PBXBuildFile; fileRef = 7215BE522A9DE60E00534505 /* EditProfileView.swift */; };
		7215BE552A9DE61C00534505 /* PlayerView.swift in Sources */ = {isa = PBXBuildFile; fileRef = 7215BE542A9DE61C00534505 /* PlayerView.swift */; };
		7215BE572A9DE62800534505 /* RuleView.swift in Sources */ = {isa = PBXBuildFile; fileRef = 7215BE562A9DE62800534505 /* RuleView.swift */; };
/* End PBXBuildFile section */

/* Begin PBXFileReference section */
		7215BE2C2A9DCB7600534505 /* Wattblock.app */ = {isa = PBXFileReference; explicitFileType = wrapper.application; includeInIndex = 0; path = Wattblock.app; sourceTree = BUILT_PRODUCTS_DIR; };
		7215BE2F2A9DCB7600534505 /* WattblockApp.swift */ = {isa = PBXFileReference; lastKnownFileType = sourcecode.swift; path = WattblockApp.swift; sourceTree = "<group>"; };
		7215BE312A9DCB7600534505 /* ContentView.swift */ = {isa = PBXFileReference; lastKnownFileType = sourcecode.swift; path = ContentView.swift; sourceTree = "<group>"; };
		7215BE332A9DCB7700534505 /* Assets.xcassets */ = {isa = PBXFileReference; lastKnownFileType = folder.assetcatalog; path = Assets.xcassets; sourceTree = "<group>"; };
		7215BE362A9DCB7700534505 /* Preview Assets.xcassets */ = {isa = PBXFileReference; lastKnownFileType = folder.assetcatalog; path = "Preview Assets.xcassets"; sourceTree = "<group>"; };
		7215BE3D2A9DCB9B00534505 /* Launch Screen.storyboard */ = {isa = PBXFileReference; lastKnownFileType = file.storyboard; path = "Launch Screen.storyboard"; sourceTree = "<group>"; };
		7215BE462A9DE5AB00534505 /* FirebaseManager.swift */ = {isa = PBXFileReference; lastKnownFileType = sourcecode.swift; path = FirebaseManager.swift; sourceTree = "<group>"; };
		7215BE482A9DE5CA00534505 /* LoginView.swift */ = {isa = PBXFileReference; lastKnownFileType = sourcecode.swift; path = LoginView.swift; sourceTree = "<group>"; };
		7215BE4A2A9DE5D700534505 /* StartView.swift */ = {isa = PBXFileReference; lastKnownFileType = sourcecode.swift; path = StartView.swift; sourceTree = "<group>"; };
		7215BE4C2A9DE5E700534505 /* HomeView.swift */ = {isa = PBXFileReference; lastKnownFileType = sourcecode.swift; path = HomeView.swift; sourceTree = "<group>"; };
		7215BE4E2A9DE5F400534505 /* GameView.swift */ = {isa = PBXFileReference; lastKnownFileType = sourcecode.swift; path = GameView.swift; sourceTree = "<group>"; };
		7215BE502A9DE5FF00534505 /* SettingsView.swift */ = {isa = PBXFileReference; lastKnownFileType = sourcecode.swift; path = SettingsView.swift; sourceTree = "<group>"; };
		7215BE522A9DE60E00534505 /* EditProfileView.swift */ = {isa = PBXFileReference; lastKnownFileType = sourcecode.swift; path = EditProfileView.swift; sourceTree = "<group>"; };
		7215BE542A9DE61C00534505 /* PlayerView.swift */ = {isa = PBXFileReference; lastKnownFileType = sourcecode.swift; path = PlayerView.swift; sourceTree = "<group>"; };
		7215BE562A9DE62800534505 /* RuleView.swift */ = {isa = PBXFileReference; lastKnownFileType = sourcecode.swift; path = RuleView.swift; sourceTree = "<group>"; };
/* End PBXFileReference section */

/* Begin PBXFrameworksBuildPhase section */
		7215BE292A9DCB7600534505 /* Frameworks */ = {
			isa = PBXFrameworksBuildPhase;
			buildActionMask = 2147483647;
			files = (
			);
			runOnlyForDeploymentPostprocessing = 0;
		};
/* End PBXFrameworksBuildPhase section */

/* Begin PBXGroup section */
		7215BE232A9DCB7600534505 = {
			isa = PBXGroup;
			children = (
				7215BE2E2A9DCB7600534505 /* Wattblock */,
				7215BE2D2A9DCB7600534505 /* Products */,
			);
			sourceTree = "<group>";
		};
		7215BE2D2A9DCB7600534505 /* Products */ = {
			isa = PBXGroup;
			children = (
				7215BE2C2A9DCB7600534505 /* Wattblock.app */,
			);
			name = Products;
			sourceTree = "<group>";
		};
		7215BE2E2A9DCB7600534505 /* Wattblock */ = {
			isa = PBXGroup;
			children = (
				7215BE432A9DE57200534505 /* Models */,
				7215BE422A9DE56A00534505 /* Repositories */,
				7215BE412A9DE56100534505 /* ViewModels */,
				7215BE402A9DE55900534505 /* Views */,
				7215BE3F2A9DE54E00534505 /* Managers */,
				7215BE2F2A9DCB7600534505 /* WattblockApp.swift */,
				7215BE312A9DCB7600534505 /* ContentView.swift */,
				7215BE332A9DCB7700534505 /* Assets.xcassets */,
				7215BE3D2A9DCB9B00534505 /* Launch Screen.storyboard */,
				7215BE352A9DCB7700534505 /* Preview Content */,
			);
			path = Wattblock;
			sourceTree = "<group>";
		};
		7215BE352A9DCB7700534505 /* Preview Content */ = {
			isa = PBXGroup;
			children = (
				7215BE362A9DCB7700534505 /* Preview Assets.xcassets */,
			);
			path = "Preview Content";
			sourceTree = "<group>";
		};
		7215BE3F2A9DE54E00534505 /* Managers */ = {
			isa = PBXGroup;
			children = (
				7215BE462A9DE5AB00534505 /* FirebaseManager.swift */,
			);
			path = Managers;
			sourceTree = "<group>";
		};
		7215BE402A9DE55900534505 /* Views */ = {
			isa = PBXGroup;
			children = (
				7215BE452A9DE59800534505 /* Components */,
				7215BE482A9DE5CA00534505 /* LoginView.swift */,
				7215BE4A2A9DE5D700534505 /* StartView.swift */,
				7215BE4C2A9DE5E700534505 /* HomeView.swift */,
				7215BE4E2A9DE5F400534505 /* GameView.swift */,
				7215BE502A9DE5FF00534505 /* SettingsView.swift */,
				7215BE522A9DE60E00534505 /* EditProfileView.swift */,
				7215BE542A9DE61C00534505 /* PlayerView.swift */,
				7215BE562A9DE62800534505 /* RuleView.swift */,
			);
			path = Views;
			sourceTree = "<group>";
		};
		7215BE412A9DE56100534505 /* ViewModels */ = {
			isa = PBXGroup;
			children = (
			);
			path = ViewModels;
			sourceTree = "<group>";
		};
		7215BE422A9DE56A00534505 /* Repositories */ = {
			isa = PBXGroup;
			children = (
			);
			path = Repositories;
			sourceTree = "<group>";
		};
		7215BE432A9DE57200534505 /* Models */ = {
			isa = PBXGroup;
			children = (
				7215BE442A9DE57E00534505 /* Enums */,
			);
			path = Models;
			sourceTree = "<group>";
		};
		7215BE442A9DE57E00534505 /* Enums */ = {
			isa = PBXGroup;
			children = (
			);
			path = Enums;
			sourceTree = "<group>";
		};
		7215BE452A9DE59800534505 /* Components */ = {
			isa = PBXGroup;
			children = (
			);
			path = Components;
			sourceTree = "<group>";
		};
/* End PBXGroup section */

/* Begin PBXNativeTarget section */
		7215BE2B2A9DCB7600534505 /* Wattblock */ = {
			isa = PBXNativeTarget;
			buildConfigurationList = 7215BE3A2A9DCB7700534505 /* Build configuration list for PBXNativeTarget "Wattblock" */;
			buildPhases = (
				7215BE282A9DCB7600534505 /* Sources */,
				7215BE292A9DCB7600534505 /* Frameworks */,
				7215BE2A2A9DCB7600534505 /* Resources */,
			);
			buildRules = (
			);
			dependencies = (
			);
			name = Wattblock;
			productName = Wattblock;
			productReference = 7215BE2C2A9DCB7600534505 /* Wattblock.app */;
			productType = "com.apple.product-type.application";
		};
/* End PBXNativeTarget section */

/* Begin PBXProject section */
		7215BE242A9DCB7600534505 /* Project object */ = {
			isa = PBXProject;
			attributes = {
				BuildIndependentTargetsInParallel = 1;
				LastSwiftUpdateCheck = 1430;
				LastUpgradeCheck = 1430;
				TargetAttributes = {
					7215BE2B2A9DCB7600534505 = {
						CreatedOnToolsVersion = 14.3.1;
					};
				};
			};
			buildConfigurationList = 7215BE272A9DCB7600534505 /* Build configuration list for PBXProject "Wattblock" */;
			compatibilityVersion = "Xcode 14.0";
			developmentRegion = en;
			hasScannedForEncodings = 0;
			knownRegions = (
				en,
				Base,
			);
			mainGroup = 7215BE232A9DCB7600534505;
			productRefGroup = 7215BE2D2A9DCB7600534505 /* Products */;
			projectDirPath = "";
			projectRoot = "";
			targets = (
				7215BE2B2A9DCB7600534505 /* Wattblock */,
			);
		};
/* End PBXProject section */

/* Begin PBXResourcesBuildPhase section */
		7215BE2A2A9DCB7600534505 /* Resources */ = {
			isa = PBXResourcesBuildPhase;
			buildActionMask = 2147483647;
			files = (
				7215BE3E2A9DCB9B00534505 /* Launch Screen.storyboard in Resources */,
				7215BE372A9DCB7700534505 /* Preview Assets.xcassets in Resources */,
				7215BE342A9DCB7700534505 /* Assets.xcassets in Resources */,
			);
			runOnlyForDeploymentPostprocessing = 0;
		};
/* End PBXResourcesBuildPhase section */

/* Begin PBXSourcesBuildPhase section */
		7215BE282A9DCB7600534505 /* Sources */ = {
			isa = PBXSourcesBuildPhase;
			buildActionMask = 2147483647;
			files = (
				7215BE532A9DE60E00534505 /* EditProfileView.swift in Sources */,
				7215BE472A9DE5AB00534505 /* FirebaseManager.swift in Sources */,
				7215BE512A9DE5FF00534505 /* SettingsView.swift in Sources */,
				7215BE552A9DE61C00534505 /* PlayerView.swift in Sources */,
				7215BE4B2A9DE5D700534505 /* StartView.swift in Sources */,
				7215BE572A9DE62800534505 /* RuleView.swift in Sources */,
				7215BE322A9DCB7600534505 /* ContentView.swift in Sources */,
				7215BE4D2A9DE5E700534505 /* HomeView.swift in Sources */,
				7215BE492A9DE5CA00534505 /* LoginView.swift in Sources */,
				7215BE302A9DCB7600534505 /* WattblockApp.swift in Sources */,
				7215BE4F2A9DE5F400534505 /* GameView.swift in Sources */,
			);
			runOnlyForDeploymentPostprocessing = 0;
		};
/* End PBXSourcesBuildPhase section */

/* Begin XCBuildConfiguration section */
		7215BE382A9DCB7700534505 /* Debug */ = {
			isa = XCBuildConfiguration;
			buildSettings = {
				ALWAYS_SEARCH_USER_PATHS = NO;
				CLANG_ANALYZER_NONNULL = YES;
				CLANG_ANALYZER_NUMBER_OBJECT_CONVERSION = YES_AGGRESSIVE;
				CLANG_CXX_LANGUAGE_STANDARD = "gnu++20";
				CLANG_ENABLE_MODULES = YES;
				CLANG_ENABLE_OBJC_ARC = YES;
				CLANG_ENABLE_OBJC_WEAK = YES;
				CLANG_WARN_BLOCK_CAPTURE_AUTORELEASING = YES;
				CLANG_WARN_BOOL_CONVERSION = YES;
				CLANG_WARN_COMMA = YES;
				CLANG_WARN_CONSTANT_CONVERSION = YES;
				CLANG_WARN_DEPRECATED_OBJC_IMPLEMENTATIONS = YES;
				CLANG_WARN_DIRECT_OBJC_ISA_USAGE = YES_ERROR;
				CLANG_WARN_DOCUMENTATION_COMMENTS = YES;
				CLANG_WARN_EMPTY_BODY = YES;
				CLANG_WARN_ENUM_CONVERSION = YES;
				CLANG_WARN_INFINITE_RECURSION = YES;
				CLANG_WARN_INT_CONVERSION = YES;
				CLANG_WARN_NON_LITERAL_NULL_CONVERSION = YES;
				CLANG_WARN_OBJC_IMPLICIT_RETAIN_SELF = YES;
				CLANG_WARN_OBJC_LITERAL_CONVERSION = YES;
				CLANG_WARN_OBJC_ROOT_CLASS = YES_ERROR;
				CLANG_WARN_QUOTED_INCLUDE_IN_FRAMEWORK_HEADER = YES;
				CLANG_WARN_RANGE_LOOP_ANALYSIS = YES;
				CLANG_WARN_STRICT_PROTOTYPES = YES;
				CLANG_WARN_SUSPICIOUS_MOVE = YES;
				CLANG_WARN_UNGUARDED_AVAILABILITY = YES_AGGRESSIVE;
				CLANG_WARN_UNREACHABLE_CODE = YES;
				CLANG_WARN__DUPLICATE_METHOD_MATCH = YES;
				COPY_PHASE_STRIP = NO;
				DEBUG_INFORMATION_FORMAT = dwarf;
				ENABLE_STRICT_OBJC_MSGSEND = YES;
				ENABLE_TESTABILITY = YES;
				GCC_C_LANGUAGE_STANDARD = gnu11;
				GCC_DYNAMIC_NO_PIC = NO;
				GCC_NO_COMMON_BLOCKS = YES;
				GCC_OPTIMIZATION_LEVEL = 0;
				GCC_PREPROCESSOR_DEFINITIONS = (
					"DEBUG=1",
					"$(inherited)",
				);
				GCC_WARN_64_TO_32_BIT_CONVERSION = YES;
				GCC_WARN_ABOUT_RETURN_TYPE = YES_ERROR;
				GCC_WARN_UNDECLARED_SELECTOR = YES;
				GCC_WARN_UNINITIALIZED_AUTOS = YES_AGGRESSIVE;
				GCC_WARN_UNUSED_FUNCTION = YES;
				GCC_WARN_UNUSED_VARIABLE = YES;
				IPHONEOS_DEPLOYMENT_TARGET = 16.0;
				MTL_ENABLE_DEBUG_INFO = INCLUDE_SOURCE;
				MTL_FAST_MATH = YES;
				ONLY_ACTIVE_ARCH = YES;
				SDKROOT = iphoneos;
				SWIFT_ACTIVE_COMPILATION_CONDITIONS = DEBUG;
				SWIFT_OPTIMIZATION_LEVEL = "-Onone";
			};
			name = Debug;
		};
		7215BE392A9DCB7700534505 /* Release */ = {
			isa = XCBuildConfiguration;
			buildSettings = {
				ALWAYS_SEARCH_USER_PATHS = NO;
				CLANG_ANALYZER_NONNULL = YES;
				CLANG_ANALYZER_NUMBER_OBJECT_CONVERSION = YES_AGGRESSIVE;
				CLANG_CXX_LANGUAGE_STANDARD = "gnu++20";
				CLANG_ENABLE_MODULES = YES;
				CLANG_ENABLE_OBJC_ARC = YES;
				CLANG_ENABLE_OBJC_WEAK = YES;
				CLANG_WARN_BLOCK_CAPTURE_AUTORELEASING = YES;
				CLANG_WARN_BOOL_CONVERSION = YES;
				CLANG_WARN_COMMA = YES;
				CLANG_WARN_CONSTANT_CONVERSION = YES;
				CLANG_WARN_DEPRECATED_OBJC_IMPLEMENTATIONS = YES;
				CLANG_WARN_DIRECT_OBJC_ISA_USAGE = YES_ERROR;
				CLANG_WARN_DOCUMENTATION_COMMENTS = YES;
				CLANG_WARN_EMPTY_BODY = YES;
				CLANG_WARN_ENUM_CONVERSION = YES;
				CLANG_WARN_INFINITE_RECURSION = YES;
				CLANG_WARN_INT_CONVERSION = YES;
				CLANG_WARN_NON_LITERAL_NULL_CONVERSION = YES;
				CLANG_WARN_OBJC_IMPLICIT_RETAIN_SELF = YES;
				CLANG_WARN_OBJC_LITERAL_CONVERSION = YES;
				CLANG_WARN_OBJC_ROOT_CLASS = YES_ERROR;
				CLANG_WARN_QUOTED_INCLUDE_IN_FRAMEWORK_HEADER = YES;
				CLANG_WARN_RANGE_LOOP_ANALYSIS = YES;
				CLANG_WARN_STRICT_PROTOTYPES = YES;
				CLANG_WARN_SUSPICIOUS_MOVE = YES;
				CLANG_WARN_UNGUARDED_AVAILABILITY = YES_AGGRESSIVE;
				CLANG_WARN_UNREACHABLE_CODE = YES;
				CLANG_WARN__DUPLICATE_METHOD_MATCH = YES;
				COPY_PHASE_STRIP = NO;
				DEBUG_INFORMATION_FORMAT = "dwarf-with-dsym";
				ENABLE_NS_ASSERTIONS = NO;
				ENABLE_STRICT_OBJC_MSGSEND = YES;
				GCC_C_LANGUAGE_STANDARD = gnu11;
				GCC_NO_COMMON_BLOCKS = YES;
				GCC_WARN_64_TO_32_BIT_CONVERSION = YES;
				GCC_WARN_ABOUT_RETURN_TYPE = YES_ERROR;
				GCC_WARN_UNDECLARED_SELECTOR = YES;
				GCC_WARN_UNINITIALIZED_AUTOS = YES_AGGRESSIVE;
				GCC_WARN_UNUSED_FUNCTION = YES;
				GCC_WARN_UNUSED_VARIABLE = YES;
				IPHONEOS_DEPLOYMENT_TARGET = 16.0;
				MTL_ENABLE_DEBUG_INFO = NO;
				MTL_FAST_MATH = YES;
				SDKROOT = iphoneos;
				SWIFT_COMPILATION_MODE = wholemodule;
				SWIFT_OPTIMIZATION_LEVEL = "-O";
				VALIDATE_PRODUCT = YES;
			};
			name = Release;
		};
		7215BE3B2A9DCB7700534505 /* Debug */ = {
			isa = XCBuildConfiguration;
			buildSettings = {
				ASSETCATALOG_COMPILER_APPICON_NAME = AppIcon;
				ASSETCATALOG_COMPILER_GLOBAL_ACCENT_COLOR_NAME = AccentColor;
				CODE_SIGN_STYLE = Automatic;
				CURRENT_PROJECT_VERSION = 1;
				DEVELOPMENT_ASSET_PATHS = "\"Wattblock/Preview Content\"";
				DEVELOPMENT_TEAM = 2BVXDVW7D8;
				ENABLE_PREVIEWS = YES;
				GENERATE_INFOPLIST_FILE = YES;
				INFOPLIST_KEY_LSApplicationCategoryType = "public.app-category.games";
				INFOPLIST_KEY_UIApplicationSceneManifest_Generation = YES;
				INFOPLIST_KEY_UIApplicationSupportsIndirectInputEvents = YES;
				INFOPLIST_KEY_UILaunchScreen_Generation = YES;
				INFOPLIST_KEY_UILaunchStoryboardName = "Launch Screen.storyboard";
				INFOPLIST_KEY_UISupportedInterfaceOrientations = UIInterfaceOrientationPortrait;
				INFOPLIST_KEY_UISupportedInterfaceOrientations_iPad = "UIInterfaceOrientationPortrait UIInterfaceOrientationPortraitUpsideDown";
				IPHONEOS_DEPLOYMENT_TARGET = 16.0;
				LD_RUNPATH_SEARCH_PATHS = (
					"$(inherited)",
					"@executable_path/Frameworks",
				);
				MARKETING_VERSION = 1.0;
				PRODUCT_BUNDLE_IDENTIFIER = com.pascalmoench.Wattblock;
				PRODUCT_NAME = "$(TARGET_NAME)";
				SUPPORTED_PLATFORMS = "iphoneos iphonesimulator";
				SUPPORTS_MACCATALYST = NO;
				SUPPORTS_MAC_DESIGNED_FOR_IPHONE_IPAD = NO;
				SWIFT_EMIT_LOC_STRINGS = YES;
				SWIFT_VERSION = 5.0;
				TARGETED_DEVICE_FAMILY = "1,2";
			};
			name = Debug;
		};
		7215BE3C2A9DCB7700534505 /* Release */ = {
			isa = XCBuildConfiguration;
			buildSettings = {
				ASSETCATALOG_COMPILER_APPICON_NAME = AppIcon;
				ASSETCATALOG_COMPILER_GLOBAL_ACCENT_COLOR_NAME = AccentColor;
				CODE_SIGN_STYLE = Automatic;
				CURRENT_PROJECT_VERSION = 1;
				DEVELOPMENT_ASSET_PATHS = "\"Wattblock/Preview Content\"";
				DEVELOPMENT_TEAM = 2BVXDVW7D8;
				ENABLE_PREVIEWS = YES;
				GENERATE_INFOPLIST_FILE = YES;
				INFOPLIST_KEY_LSApplicationCategoryType = "public.app-category.games";
				INFOPLIST_KEY_UIApplicationSceneManifest_Generation = YES;
				INFOPLIST_KEY_UIApplicationSupportsIndirectInputEvents = YES;
				INFOPLIST_KEY_UILaunchScreen_Generation = YES;
				INFOPLIST_KEY_UILaunchStoryboardName = "Launch Screen.storyboard";
				INFOPLIST_KEY_UISupportedInterfaceOrientations = UIInterfaceOrientationPortrait;
				INFOPLIST_KEY_UISupportedInterfaceOrientations_iPad = "UIInterfaceOrientationPortrait UIInterfaceOrientationPortraitUpsideDown";
				IPHONEOS_DEPLOYMENT_TARGET = 16.0;
				LD_RUNPATH_SEARCH_PATHS = (
					"$(inherited)",
					"@executable_path/Frameworks",
				);
				MARKETING_VERSION = 1.0;
				PRODUCT_BUNDLE_IDENTIFIER = com.pascalmoench.Wattblock;
				PRODUCT_NAME = "$(TARGET_NAME)";
				SUPPORTED_PLATFORMS = "iphoneos iphonesimulator";
				SUPPORTS_MACCATALYST = NO;
				SUPPORTS_MAC_DESIGNED_FOR_IPHONE_IPAD = NO;
				SWIFT_EMIT_LOC_STRINGS = YES;
				SWIFT_VERSION = 5.0;
				TARGETED_DEVICE_FAMILY = "1,2";
			};
			name = Release;
		};
/* End XCBuildConfiguration section */

/* Begin XCConfigurationList section */
		7215BE272A9DCB7600534505 /* Build configuration list for PBXProject "Wattblock" */ = {
			isa = XCConfigurationList;
			buildConfigurations = (
				7215BE382A9DCB7700534505 /* Debug */,
				7215BE392A9DCB7700534505 /* Release */,
			);
			defaultConfigurationIsVisible = 0;
			defaultConfigurationName = Release;
		};
		7215BE3A2A9DCB7700534505 /* Build configuration list for PBXNativeTarget "Wattblock" */ = {
			isa = XCConfigurationList;
			buildConfigurations = (
				7215BE3B2A9DCB7700534505 /* Debug */,
				7215BE3C2A9DCB7700534505 /* Release */,
			);
			defaultConfigurationIsVisible = 0;
			defaultConfigurationName = Release;
		};
/* End XCConfigurationList section */
	};
	rootObject = 7215BE242A9DCB7600534505 /* Project object */;
}
